
Microsoft Visual Studio Solution File, Format Version 11.00
# Visual C++ Express 2010
Project("{8BC9CEB8-8B4A-11D0-8D11-00A0C91BC942}") = "leveldb-windows", "leveldb-windows.vcxproj", "{FFAC810B-609A-049A-D86F-03809C19240E}"
EndProject
Global
	GlobalSection(SolutionConfigurationPlatforms) = preSolution
		Debug|Win32 = Debug|Win32
		Release|Win32 = Release|Win32
	EndGlobalSection
	GlobalSection(ProjectConfigurationPlatforms) = postSolution
		{FFAC810B-609A-049A-D86F-03809C19240E}.Debug|Win32.ActiveCfg = Debug|Win32
		{FFAC810B-609A-049A-D86F-03809C19240E}.Debug|Win32.Build.0 = Debug|Win32
		{FFAC810B-609A-049A-D86F-03809C19240E}.Release|Win32.ActiveCfg = Release|Win32
		{FFAC810B-609A-049A-D86F-03809C19240E}.Release|Win32.Build.0 = Release|Win32
	EndGlobalSection
	GlobalSection(SolutionProperties) = preSolution
		HideSolutionNode = FALSE
	EndGlobalSection
EndGlobal
